
Microsoft Visual Studio Solution File, Format Version 12.00
# Visual Studio 15
VisualStudioVersion = 15.0.27428.2002
MinimumVisualStudioVersion = 10.0.40219.1
Project("{FAE04EC0-301F-11D3-BF4B-00C04F79EFBC}") = "Transports", "Transports\Transports.csproj", "{E182134B-527E-4108-BCB2-1334F21DE5BC}"
EndProject
Project("{FAE04EC0-301F-11D3-BF4B-00C04F79EFBC}") = "Bussiness.Layer", "Bussiness.Layer\Bussiness.Layer.csproj", "{7EB260DE-FBF6-43DA-9DC6-0E8042EDACF9}"
EndProject
Project("{FAE04EC0-301F-11D3-BF4B-00C04F79EFBC}") = "Data.Layer", "Data.Layer\Data.Layer.csproj", "{24AE7B63-649E-4C3C-8F6D-DC7AEE397850}"
EndProject
Project("{54435603-DBB4-11D2-8724-00A0C9A8B90C}") = "SetupTransport", "SetupTransport\SetupTransport.vdproj", "{E68FC2B3-BA9E-4357-8038-2CC6F5316FDF}"
EndProject
Project("{FAE04EC0-301F-11D3-BF4B-00C04F79EFBC}") = "Logger.Layer", "Logger.Layer\Logger.Layer.csproj", "{06844929-E2E3-4E79-A239-644468F47199}"
EndProject
Global
	GlobalSection(SolutionConfigurationPlatforms) = preSolution
		Debug|Any CPU = Debug|Any CPU
		Release|Any CPU = Release|Any CPU
	EndGlobalSection
	GlobalSection(ProjectConfigurationPlatforms) = postSolution
		{E182134B-527E-4108-BCB2-1334F21DE5BC}.Debug|Any CPU.ActiveCfg = Debug|Any CPU
		{E182134B-527E-4108-BCB2-1334F21DE5BC}.Debug|Any CPU.Build.0 = Debug|Any CPU
		{E182134B-527E-4108-BCB2-1334F21DE5BC}.Release|Any CPU.ActiveCfg = Debug|Any CPU
		{E182134B-527E-4108-BCB2-1334F21DE5BC}.Release|Any CPU.Build.0 = Debug|Any CPU
		{7EB260DE-FBF6-43DA-9DC6-0E8042EDACF9}.Debug|Any CPU.ActiveCfg = Debug|Any CPU
		{7EB260DE-FBF6-43DA-9DC6-0E8042EDACF9}.Debug|Any CPU.Build.0 = Debug|Any CPU
		{7EB260DE-FBF6-43DA-9DC6-0E8042EDACF9}.Release|Any CPU.ActiveCfg = Debug|Any CPU
		{7EB260DE-FBF6-43DA-9DC6-0E8042EDACF9}.Release|Any CPU.Build.0 = Debug|Any CPU
		{24AE7B63-649E-4C3C-8F6D-DC7AEE397850}.Debug|Any CPU.ActiveCfg = Debug|Any CPU
		{24AE7B63-649E-4C3C-8F6D-DC7AEE397850}.Debug|Any CPU.Build.0 = Debug|Any CPU
		{24AE7B63-649E-4C3C-8F6D-DC7AEE397850}.Release|Any CPU.ActiveCfg = Debug|Any CPU
		{24AE7B63-649E-4C3C-8F6D-DC7AEE397850}.Release|Any CPU.Build.0 = Debug|Any CPU
		{E68FC2B3-BA9E-4357-8038-2CC6F5316FDF}.Debug|Any CPU.ActiveCfg = Debug
		{E68FC2B3-BA9E-4357-8038-2CC6F5316FDF}.Release|Any CPU.ActiveCfg = Release
		{06844929-E2E3-4E79-A239-644468F47199}.Debug|Any CPU.ActiveCfg = Debug|Any CPU
		{06844929-E2E3-4E79-A239-644468F47199}.Debug|Any CPU.Build.0 = Debug|Any CPU
		{06844929-E2E3-4E79-A239-644468F47199}.Release|Any CPU.ActiveCfg = Release|Any CPU
		{06844929-E2E3-4E79-A239-644468F47199}.Release|Any CPU.Build.0 = Release|Any CPU
	EndGlobalSection
	GlobalSection(SolutionProperties) = preSolution
		HideSolutionNode = FALSE
	EndGlobalSection
	GlobalSection(ExtensibilityGlobals) = postSolution
		SolutionGuid = {3B48A70F-051E-4AD6-BE8F-F9A484F5B919}
	EndGlobalSection
EndGlobal
